// !$*UTF8*$!
{
	archiveVersion = 1;
	classes = {
	};
	objectVersion = 50;
	objects = {

/* Begin PBXBuildFile section */
		B21669EE23C63A8B00D16C60 /* Singer+CoreDataClass.swift in Sources */ = {isa = PBXBuildFile; fileRef = B21669EC23C63A8B00D16C60 /* Singer+CoreDataClass.swift */; };
		B21669EF23C63A8B00D16C60 /* Singer+CoreDataProperties.swift in Sources */ = {isa = PBXBuildFile; fileRef = B21669ED23C63A8B00D16C60 /* Singer+CoreDataProperties.swift */; };
		B21669F123C63B7800D16C60 /* FilteredList.swift in Sources */ = {isa = PBXBuildFile; fileRef = B21669F023C63B7800D16C60 /* FilteredList.swift */; };
		B299E7F123C5553900E65B57 /* AppDelegate.swift in Sources */ = {isa = PBXBuildFile; fileRef = B299E7F023C5553900E65B57 /* AppDelegate.swift */; };
		B299E7F323C5553900E65B57 /* SceneDelegate.swift in Sources */ = {isa = PBXBuildFile; fileRef = B299E7F223C5553900E65B57 /* SceneDelegate.swift */; };
		B299E7F623C5553900E65B57 /* CoreDataProject.xcdatamodeld in Sources */ = {isa = PBXBuildFile; fileRef = B299E7F423C5553900E65B57 /* CoreDataProject.xcdatamodeld */; };
		B299E7F823C5553900E65B57 /* ContentView.swift in Sources */ = {isa = PBXBuildFile; fileRef = B299E7F723C5553900E65B57 /* ContentView.swift */; };
		B299E7FA23C5553B00E65B57 /* Assets.xcassets in Resources */ = {isa = PBXBuildFile; fileRef = B299E7F923C5553B00E65B57 /* Assets.xcassets */; };
		B299E7FD23C5553B00E65B57 /* Preview Assets.xcassets in Resources */ = {isa = PBXBuildFile; fileRef = B299E7FC23C5553B00E65B57 /* Preview Assets.xcassets */; };
		B299E80023C5553B00E65B57 /* LaunchScreen.storyboard in Resources */ = {isa = PBXBuildFile; fileRef = B299E7FE23C5553B00E65B57 /* LaunchScreen.storyboard */; };
/* End PBXBuildFile section */

/* Begin PBXFileReference section */
		B21669EC23C63A8B00D16C60 /* Singer+CoreDataClass.swift */ = {isa = PBXFileReference; lastKnownFileType = sourcecode.swift; path = "Singer+CoreDataClass.swift"; sourceTree = SOURCE_ROOT; };
		B21669ED23C63A8B00D16C60 /* Singer+CoreDataProperties.swift */ = {isa = PBXFileReference; lastKnownFileType = sourcecode.swift; path = "Singer+CoreDataProperties.swift"; sourceTree = SOURCE_ROOT; };
		B21669F023C63B7800D16C60 /* FilteredList.swift */ = {isa = PBXFileReference; lastKnownFileType = sourcecode.swift; path = FilteredList.swift; sourceTree = "<group>"; };
		B299E7ED23C5553900E65B57 /* CoreDataProject.app */ = {isa = PBXFileReference; explicitFileType = wrapper.application; includeInIndex = 0; path = CoreDataProject.app; sourceTree = BUILT_PRODUCTS_DIR; };
		B299E7F023C5553900E65B57 /* AppDelegate.swift */ = {isa = PBXFileReference; lastKnownFileType = sourcecode.swift; path = AppDelegate.swift; sourceTree = "<group>"; };
		B299E7F223C5553900E65B57 /* SceneDelegate.swift */ = {isa = PBXFileReference; lastKnownFileType = sourcecode.swift; path = SceneDelegate.swift; sourceTree = "<group>"; };
		B299E7F523C5553900E65B57 /* CoreDataProject.xcdatamodel */ = {isa = PBXFileReference; lastKnownFileType = wrapper.xcdatamodel; path = CoreDataProject.xcdatamodel; sourceTree = "<group>"; };
		B299E7F723C5553900E65B57 /* ContentView.swift */ = {isa = PBXFileReference; lastKnownFileType = sourcecode.swift; path = ContentView.swift; sourceTree = "<group>"; };
		B299E7F923C5553B00E65B57 /* Assets.xcassets */ = {isa = PBXFileReference; lastKnownFileType = folder.assetcatalog; path = Assets.xcassets; sourceTree = "<group>"; };
		B299E7FC23C5553B00E65B57 /* Preview Assets.xcassets */ = {isa = PBXFileReference; lastKnownFileType = folder.assetcatalog; path = "Preview Assets.xcassets"; sourceTree = "<group>"; };
		B299E7FF23C5553B00E65B57 /* Base */ = {isa = PBXFileReference; lastKnownFileType = file.storyboard; name = Base; path = Base.lproj/LaunchScreen.storyboard; sourceTree = "<group>"; };
		B299E80123C5553B00E65B57 /* Info.plist */ = {isa = PBXFileReference; lastKnownFileType = text.plist.xml; path = Info.plist; sourceTree = "<group>"; };
/* End PBXFileReference section */

/* Begin PBXFrameworksBuildPhase section */
		B299E7EA23C5553900E65B57 /* Frameworks */ = {
			isa = PBXFrameworksBuildPhase;
			buildActionMask = 2147483647;
			files = (
			);
			runOnlyForDeploymentPostprocessing = 0;
		};
/* End PBXFrameworksBuildPhase section */

/* Begin PBXGroup section */
		B299E7E423C5553900E65B57 = {
			isa = PBXGroup;
			children = (
				B299E7EF23C5553900E65B57 /* CoreDataProject */,
				B299E7EE23C5553900E65B57 /* Products */,
			);
			sourceTree = "<group>";
		};
		B299E7EE23C5553900E65B57 /* Products */ = {
			isa = PBXGroup;
			children = (
				B299E7ED23C5553900E65B57 /* CoreDataProject.app */,
			);
			name = Products;
			sourceTree = "<group>";
		};
		B299E7EF23C5553900E65B57 /* CoreDataProject */ = {
			isa = PBXGroup;
			children = (
				B21669EC23C63A8B00D16C60 /* Singer+CoreDataClass.swift */,
				B21669ED23C63A8B00D16C60 /* Singer+CoreDataProperties.swift */,
				B299E7F023C5553900E65B57 /* AppDelegate.swift */,
				B299E7F223C5553900E65B57 /* SceneDelegate.swift */,
				B299E7F723C5553900E65B57 /* ContentView.swift */,
				B21669F023C63B7800D16C60 /* FilteredList.swift */,
				B299E7F923C5553B00E65B57 /* Assets.xcassets */,
				B299E7FE23C5553B00E65B57 /* LaunchScreen.storyboard */,
				B299E80123C5553B00E65B57 /* Info.plist */,
				B299E7F423C5553900E65B57 /* CoreDataProject.xcdatamodeld */,
				B299E7FB23C5553B00E65B57 /* Preview Content */,
			);
			path = CoreDataProject;
			sourceTree = "<group>";
		};
		B299E7FB23C5553B00E65B57 /* Preview Content */ = {
			isa = PBXGroup;
			children = (
				B299E7FC23C5553B00E65B57 /* Preview Assets.xcassets */,
			);
			path = "Preview Content";
			sourceTree = "<group>";
		};
/* End PBXGroup section */

/* Begin PBXNativeTarget section */
		B299E7EC23C5553900E65B57 /* CoreDataProject */ = {
			isa = PBXNativeTarget;
			buildConfigurationList = B299E80423C5553B00E65B57 /* Build configuration list for PBXNativeTarget "CoreDataProject" */;
			buildPhases = (
				B299E7E923C5553900E65B57 /* Sources */,
				B299E7EA23C5553900E65B57 /* Frameworks */,
				B299E7EB23C5553900E65B57 /* Resources */,
			);
			buildRules = (
			);
			dependencies = (
			);
			name = CoreDataProject;
			productName = CoreDataProject;
			productReference = B299E7ED23C5553900E65B57 /* CoreDataProject.app */;
			productType = "com.apple.product-type.application";
		};
/* End PBXNativeTarget section */

/* Begin PBXProject section */
		B299E7E523C5553900E65B57 /* Project object */ = {
			isa = PBXProject;
			attributes = {
				LastSwiftUpdateCheck = 1130;
				LastUpgradeCheck = 1130;
				ORGANIZATIONNAME = "Néstor I. Martínez Ostoa";
				TargetAttributes = {
					B299E7EC23C5553900E65B57 = {
						CreatedOnToolsVersion = 11.3;
					};
				};
			};
			buildConfigurationList = B299E7E823C5553900E65B57 /* Build configuration list for PBXProject "CoreDataProject" */;
			compatibilityVersion = "Xcode 9.3";
			developmentRegion = en;
			hasScannedForEncodings = 0;
			knownRegions = (
				en,
				Base,
			);
			mainGroup = B299E7E423C5553900E65B57;
			productRefGroup = B299E7EE23C5553900E65B57 /* Products */;
			projectDirPath = "";
			projectRoot = "";
			targets = (
				B299E7EC23C5553900E65B57 /* CoreDataProject */,
			);
		};
/* End PBXProject section */

/* Begin PBXResourcesBuildPhase section */
		B299E7EB23C5553900E65B57 /* Resources */ = {
			isa = PBXResourcesBuildPhase;
			buildActionMask = 2147483647;
			files = (
				B299E80023C5553B00E65B57 /* LaunchScreen.storyboard in Resources */,
				B299E7FD23C5553B00E65B57 /* Preview Assets.xcassets in Resources */,
				B299E7FA23C5553B00E65B57 /* Assets.xcassets in Resources */,
			);
			runOnlyForDeploymentPostprocessing = 0;
		};
/* End PBXResourcesBuildPhase section */

/* Begin PBXSourcesBuildPhase section */
		B299E7E923C5553900E65B57 /* Sources */ = {
			isa = PBXSourcesBuildPhase;
			buildActionMask = 2147483647;
			files = (
				B299E7F123C5553900E65B57 /* AppDelegate.swift in Sources */,
				B21669EF23C63A8B00D16C60 /* Singer+CoreDataProperties.swift in Sources */,
				B299E7F323C5553900E65B57 /* SceneDelegate.swift in Sources */,
				B21669EE23C63A8B00D16C60 /* Singer+CoreDataClass.swift in Sources */,
				B299E7F823C5553900E65B57 /* ContentView.swift in Sources */,
				B299E7F623C5553900E65B57 /* CoreDataProject.xcdatamodeld in Sources */,
				B21669F123C63B7800D16C60 /* FilteredList.swift in Sources */,
			);
			runOnlyForDeploymentPostprocessing = 0;
		};
/* End PBXSourcesBuildPhase section */

/* Begin PBXVariantGroup section */
		B299E7FE23C5553B00E65B57 /* LaunchScreen.storyboard */ = {
			isa = PBXVariantGroup;
			children = (
				B299E7FF23C5553B00E65B57 /* Base */,
			);
			name = LaunchScreen.storyboard;
			sourceTree = "<group>";
		};
/* End PBXVariantGroup section */

/* Begin XCBuildConfiguration section */
		B299E80223C5553B00E65B57 /* Debug */ = {
			isa = XCBuildConfiguration;
			buildSettings = {
				ALWAYS_SEARCH_USER_PATHS = NO;
				CLANG_ANALYZER_NONNULL = YES;
				CLANG_ANALYZER_NUMBER_OBJECT_CONVERSION = YES_AGGRESSIVE;
				CLANG_CXX_LANGUAGE_STANDARD = "gnu++14";
				CLANG_CXX_LIBRARY = "libc++";
				CLANG_ENABLE_MODULES = YES;
				CLANG_ENABLE_OBJC_ARC = YES;
				CLANG_ENABLE_OBJC_WEAK = YES;
				CLANG_WARN_BLOCK_CAPTURE_AUTORELEASING = YES;
				CLANG_WARN_BOOL_CONVERSION = YES;
				CLANG_WARN_COMMA = YES;
				CLANG_WARN_CONSTANT_CONVERSION = YES;
				CLANG_WARN_DEPRECATED_OBJC_IMPLEMENTATIONS = YES;
				CLANG_WARN_DIRECT_OBJC_ISA_USAGE = YES_ERROR;
				CLANG_WARN_DOCUMENTATION_COMMENTS = YES;
				CLANG_WARN_EMPTY_BODY = YES;
				CLANG_WARN_ENUM_CONVERSION = YES;
				CLANG_WARN_INFINITE_RECURSION = YES;
				CLANG_WARN_INT_CONVERSION = YES;
				CLANG_WARN_NON_LITERAL_NULL_CONVERSION = YES;
				CLANG_WARN_OBJC_IMPLICIT_RETAIN_SELF = YES;
				CLANG_WARN_OBJC_LITERAL_CONVERSION = YES;
				CLANG_WARN_OBJC_ROOT_CLASS = YES_ERROR;
				CLANG_WARN_RANGE_LOOP_ANALYSIS = YES;
				CLANG_WARN_STRICT_PROTOTYPES = YES;
				CLANG_WARN_SUSPICIOUS_MOVE = YES;
				CLANG_WARN_UNGUARDED_AVAILABILITY = YES_AGGRESSIVE;
				CLANG_WARN_UNREACHABLE_CODE = YES;
				CLANG_WARN__DUPLICATE_METHOD_MATCH = YES;
				COPY_PHASE_STRIP = NO;
				DEBUG_INFORMATION_FORMAT = dwarf;
				ENABLE_STRICT_OBJC_MSGSEND = YES;
				ENABLE_TESTABILITY = YES;
				GCC_C_LANGUAGE_STANDARD = gnu11;
				GCC_DYNAMIC_NO_PIC = NO;
				GCC_NO_COMMON_BLOCKS = YES;
				GCC_OPTIMIZATION_LEVEL = 0;
				GCC_PREPROCESSOR_DEFINITIONS = (
					"DEBUG=1",
					"$(inherited)",
				);
				GCC_WARN_64_TO_32_BIT_CONVERSION = YES;
				GCC_WARN_ABOUT_RETURN_TYPE = YES_ERROR;
				GCC_WARN_UNDECLARED_SELECTOR = YES;
				GCC_WARN_UNINITIALIZED_AUTOS = YES_AGGRESSIVE;
				GCC_WARN_UNUSED_FUNCTION = YES;
				GCC_WARN_UNUSED_VARIABLE = YES;
				IPHONEOS_DEPLOYMENT_TARGET = 13.2;
				MTL_ENABLE_DEBUG_INFO = INCLUDE_SOURCE;
				MTL_FAST_MATH = YES;
				ONLY_ACTIVE_ARCH = YES;
				SDKROOT = iphoneos;
				SWIFT_ACTIVE_COMPILATION_CONDITIONS = DEBUG;
				SWIFT_OPTIMIZATION_LEVEL = "-Onone";
			};
			name = Debug;
		};
		B299E80323C5553B00E65B57 /* Release */ = {
			isa = XCBuildConfiguration;
			buildSettings = {
				ALWAYS_SEARCH_USER_PATHS = NO;
				CLANG_ANALYZER_NONNULL = YES;
				CLANG_ANALYZER_NUMBER_OBJECT_CONVERSION = YES_AGGRESSIVE;
				CLANG_CXX_LANGUAGE_STANDARD = "gnu++14";
				CLANG_CXX_LIBRARY = "libc++";
				CLANG_ENABLE_MODULES = YES;
				CLANG_ENABLE_OBJC_ARC = YES;
				CLANG_ENABLE_OBJC_WEAK = YES;
				CLANG_WARN_BLOCK_CAPTURE_AUTORELEASING = YES;
				CLANG_WARN_BOOL_CONVERSION = YES;
				CLANG_WARN_COMMA = YES;
				CLANG_WARN_CONSTANT_CONVERSION = YES;
				CLANG_WARN_DEPRECATED_OBJC_IMPLEMENTATIONS = YES;
				CLANG_WARN_DIRECT_OBJC_ISA_USAGE = YES_ERROR;
				CLANG_WARN_DOCUMENTATION_COMMENTS = YES;
				CLANG_WARN_EMPTY_BODY = YES;
				CLANG_WARN_ENUM_CONVERSION = YES;
				CLANG_WARN_INFINITE_RECURSION = YES;
				CLANG_WARN_INT_CONVERSION = YES;
				CLANG_WARN_NON_LITERAL_NULL_CONVERSION = YES;
				CLANG_WARN_OBJC_IMPLICIT_RETAIN_SELF = YES;
				CLANG_WARN_OBJC_LITERAL_CONVERSION = YES;
				CLANG_WARN_OBJC_ROOT_CLASS = YES_ERROR;
				CLANG_WARN_RANGE_LOOP_ANALYSIS = YES;
				CLANG_WARN_STRICT_PROTOTYPES = YES;
				CLANG_WARN_SUSPICIOUS_MOVE = YES;
				CLANG_WARN_UNGUARDED_AVAILABILITY = YES_AGGRESSIVE;
				CLANG_WARN_UNREACHABLE_CODE = YES;
				CLANG_WARN__DUPLICATE_METHOD_MATCH = YES;
				COPY_PHASE_STRIP = NO;
				DEBUG_INFORMATION_FORMAT = "dwarf-with-dsym";
				ENABLE_NS_ASSERTIONS = NO;
				ENABLE_STRICT_OBJC_MSGSEND = YES;
				GCC_C_LANGUAGE_STANDARD = gnu11;
				GCC_NO_COMMON_BLOCKS = YES;
				GCC_WARN_64_TO_32_BIT_CONVERSION = YES;
				GCC_WARN_ABOUT_RETURN_TYPE = YES_ERROR;
				GCC_WARN_UNDECLARED_SELECTOR = YES;
				GCC_WARN_UNINITIALIZED_AUTOS = YES_AGGRESSIVE;
				GCC_WARN_UNUSED_FUNCTION = YES;
				GCC_WARN_UNUSED_VARIABLE = YES;
				IPHONEOS_DEPLOYMENT_TARGET = 13.2;
				MTL_ENABLE_DEBUG_INFO = NO;
				MTL_FAST_MATH = YES;
				SDKROOT = iphoneos;
				SWIFT_COMPILATION_MODE = wholemodule;
				SWIFT_OPTIMIZATION_LEVEL = "-O";
				VALIDATE_PRODUCT = YES;
			};
			name = Release;
		};
		B299E80523C5553B00E65B57 /* Debug */ = {
			isa = XCBuildConfiguration;
			buildSettings = {
				ASSETCATALOG_COMPILER_APPICON_NAME = AppIcon;
				CODE_SIGN_STYLE = Automatic;
				DEVELOPMENT_ASSET_PATHS = "\"CoreDataProject/Preview Content\"";
				ENABLE_PREVIEWS = YES;
				INFOPLIST_FILE = CoreDataProject/Info.plist;
				LD_RUNPATH_SEARCH_PATHS = (
					"$(inherited)",
					"@executable_path/Frameworks",
				);
				PRODUCT_BUNDLE_IDENTIFIER = com.example.CoreDataProject;
				PRODUCT_NAME = "$(TARGET_NAME)";
				SWIFT_VERSION = 5.0;
				TARGETED_DEVICE_FAMILY = "1,2";
			};
			name = Debug;
		};
		B299E80623C5553B00E65B57 /* Release */ = {
			isa = XCBuildConfiguration;
			buildSettings = {
				ASSETCATALOG_COMPILER_APPICON_NAME = AppIcon;
				CODE_SIGN_STYLE = Automatic;
				DEVELOPMENT_ASSET_PATHS = "\"CoreDataProject/Preview Content\"";
				ENABLE_PREVIEWS = YES;
				INFOPLIST_FILE = CoreDataProject/Info.plist;
				LD_RUNPATH_SEARCH_PATHS = (
					"$(inherited)",
					"@executable_path/Frameworks",
				);
				PRODUCT_BUNDLE_IDENTIFIER = com.example.CoreDataProject;
				PRODUCT_NAME = "$(TARGET_NAME)";
				SWIFT_VERSION = 5.0;
				TARGETED_DEVICE_FAMILY = "1,2";
			};
			name = Release;
		};
/* End XCBuildConfiguration section */

/* Begin XCConfigurationList section */
		B299E7E823C5553900E65B57 /* Build configuration list for PBXProject "CoreDataProject" */ = {
			isa = XCConfigurationList;
			buildConfigurations = (
				B299E80223C5553B00E65B57 /* Debug */,
				B299E80323C5553B00E65B57 /* Release */,
			);
			defaultConfigurationIsVisible = 0;
			defaultConfigurationName = Release;
		};
		B299E80423C5553B00E65B57 /* Build configuration list for PBXNativeTarget "CoreDataProject" */ = {
			isa = XCConfigurationList;
			buildConfigurations = (
				B299E80523C5553B00E65B57 /* Debug */,
				B299E80623C5553B00E65B57 /* Release */,
			);
			defaultConfigurationIsVisible = 0;
			defaultConfigurationName = Release;
		};
/* End XCConfigurationList section */

/* Begin XCVersionGroup section */
		B299E7F423C5553900E65B57 /* CoreDataProject.xcdatamodeld */ = {
			isa = XCVersionGroup;
			children = (
				B299E7F523C5553900E65B57 /* CoreDataProject.xcdatamodel */,
			);
			currentVersion = B299E7F523C5553900E65B57 /* CoreDataProject.xcdatamodel */;
			path = CoreDataProject.xcdatamodeld;
			sourceTree = "<group>";
			versionGroupType = wrapper.xcdatamodel;
		};
/* End XCVersionGroup section */
	};
	rootObject = B299E7E523C5553900E65B57 /* Project object */;
}
