// !$*UTF8*$!
{
	archiveVersion = 1;
	classes = {
	};
	objectVersion = 50;
	objects = {

/* Begin PBXBuildFile section */
		B2CFE830235B680B008A2828 /* AppDelegate.swift in Sources */ = {isa = PBXBuildFile; fileRef = B2CFE82F235B680B008A2828 /* AppDelegate.swift */; };
		B2CFE832235B680B008A2828 /* SceneDelegate.swift in Sources */ = {isa = PBXBuildFile; fileRef = B2CFE831235B680B008A2828 /* SceneDelegate.swift */; };
		B2CFE834235B680B008A2828 /* ContentView.swift in Sources */ = {isa = PBXBuildFile; fileRef = B2CFE833235B680B008A2828 /* ContentView.swift */; };
		B2CFE836235B6810008A2828 /* Assets.xcassets in Resources */ = {isa = PBXBuildFile; fileRef = B2CFE835235B6810008A2828 /* Assets.xcassets */; };
		B2CFE839235B6810008A2828 /* Preview Assets.xcassets in Resources */ = {isa = PBXBuildFile; fileRef = B2CFE838235B6810008A2828 /* Preview Assets.xcassets */; };
		B2CFE83C235B6810008A2828 /* LaunchScreen.storyboard in Resources */ = {isa = PBXBuildFile; fileRef = B2CFE83A235B6810008A2828 /* LaunchScreen.storyboard */; };
/* End PBXBuildFile section */

/* Begin PBXFileReference section */
		B2CFE82C235B680B008A2828 /* Unit Conversions.app */ = {isa = PBXFileReference; explicitFileType = wrapper.application; includeInIndex = 0; path = "Unit Conversions.app"; sourceTree = BUILT_PRODUCTS_DIR; };
		B2CFE82F235B680B008A2828 /* AppDelegate.swift */ = {isa = PBXFileReference; lastKnownFileType = sourcecode.swift; path = AppDelegate.swift; sourceTree = "<group>"; };
		B2CFE831235B680B008A2828 /* SceneDelegate.swift */ = {isa = PBXFileReference; lastKnownFileType = sourcecode.swift; path = SceneDelegate.swift; sourceTree = "<group>"; };
		B2CFE833235B680B008A2828 /* ContentView.swift */ = {isa = PBXFileReference; lastKnownFileType = sourcecode.swift; path = ContentView.swift; sourceTree = "<group>"; };
		B2CFE835235B6810008A2828 /* Assets.xcassets */ = {isa = PBXFileReference; lastKnownFileType = folder.assetcatalog; path = Assets.xcassets; sourceTree = "<group>"; };
		B2CFE838235B6810008A2828 /* Preview Assets.xcassets */ = {isa = PBXFileReference; lastKnownFileType = folder.assetcatalog; path = "Preview Assets.xcassets"; sourceTree = "<group>"; };
		B2CFE83B235B6810008A2828 /* Base */ = {isa = PBXFileReference; lastKnownFileType = file.storyboard; name = Base; path = Base.lproj/LaunchScreen.storyboard; sourceTree = "<group>"; };
		B2CFE83D235B6810008A2828 /* Info.plist */ = {isa = PBXFileReference; lastKnownFileType = text.plist.xml; path = Info.plist; sourceTree = "<group>"; };
/* End PBXFileReference section */

/* Begin PBXFrameworksBuildPhase section */
		B2CFE829235B680B008A2828 /* Frameworks */ = {
			isa = PBXFrameworksBuildPhase;
			buildActionMask = 2147483647;
			files = (
			);
			runOnlyForDeploymentPostprocessing = 0;
		};
/* End PBXFrameworksBuildPhase section */

/* Begin PBXGroup section */
		B2CFE823235B680B008A2828 = {
			isa = PBXGroup;
			children = (
				B2CFE82E235B680B008A2828 /* Unit Conversions */,
				B2CFE82D235B680B008A2828 /* Products */,
			);
			sourceTree = "<group>";
		};
		B2CFE82D235B680B008A2828 /* Products */ = {
			isa = PBXGroup;
			children = (
				B2CFE82C235B680B008A2828 /* Unit Conversions.app */,
			);
			name = Products;
			sourceTree = "<group>";
		};
		B2CFE82E235B680B008A2828 /* Unit Conversions */ = {
			isa = PBXGroup;
			children = (
				B2CFE82F235B680B008A2828 /* AppDelegate.swift */,
				B2CFE831235B680B008A2828 /* SceneDelegate.swift */,
				B2CFE833235B680B008A2828 /* ContentView.swift */,
				B2CFE835235B6810008A2828 /* Assets.xcassets */,
				B2CFE83A235B6810008A2828 /* LaunchScreen.storyboard */,
				B2CFE83D235B6810008A2828 /* Info.plist */,
				B2CFE837235B6810008A2828 /* Preview Content */,
			);
			path = "Unit Conversions";
			sourceTree = "<group>";
		};
		B2CFE837235B6810008A2828 /* Preview Content */ = {
			isa = PBXGroup;
			children = (
				B2CFE838235B6810008A2828 /* Preview Assets.xcassets */,
			);
			path = "Preview Content";
			sourceTree = "<group>";
		};
/* End PBXGroup section */

/* Begin PBXNativeTarget section */
		B2CFE82B235B680B008A2828 /* Unit Conversions */ = {
			isa = PBXNativeTarget;
			buildConfigurationList = B2CFE840235B6810008A2828 /* Build configuration list for PBXNativeTarget "Unit Conversions" */;
			buildPhases = (
				B2CFE828235B680B008A2828 /* Sources */,
				B2CFE829235B680B008A2828 /* Frameworks */,
				B2CFE82A235B680B008A2828 /* Resources */,
			);
			buildRules = (
			);
			dependencies = (
			);
			name = "Unit Conversions";
			productName = "Unit Conversions";
			productReference = B2CFE82C235B680B008A2828 /* Unit Conversions.app */;
			productType = "com.apple.product-type.application";
		};
/* End PBXNativeTarget section */

/* Begin PBXProject section */
		B2CFE824235B680B008A2828 /* Project object */ = {
			isa = PBXProject;
			attributes = {
				LastSwiftUpdateCheck = 1110;
				LastUpgradeCheck = 1110;
				ORGANIZATIONNAME = "Néstor I. Martínez Ostoa";
				TargetAttributes = {
					B2CFE82B235B680B008A2828 = {
						CreatedOnToolsVersion = 11.1;
					};
				};
			};
			buildConfigurationList = B2CFE827235B680B008A2828 /* Build configuration list for PBXProject "Unit Conversions" */;
			compatibilityVersion = "Xcode 9.3";
			developmentRegion = en;
			hasScannedForEncodings = 0;
			knownRegions = (
				en,
				Base,
			);
			mainGroup = B2CFE823235B680B008A2828;
			productRefGroup = B2CFE82D235B680B008A2828 /* Products */;
			projectDirPath = "";
			projectRoot = "";
			targets = (
				B2CFE82B235B680B008A2828 /* Unit Conversions */,
			);
		};
/* End PBXProject section */

/* Begin PBXResourcesBuildPhase section */
		B2CFE82A235B680B008A2828 /* Resources */ = {
			isa = PBXResourcesBuildPhase;
			buildActionMask = 2147483647;
			files = (
				B2CFE83C235B6810008A2828 /* LaunchScreen.storyboard in Resources */,
				B2CFE839235B6810008A2828 /* Preview Assets.xcassets in Resources */,
				B2CFE836235B6810008A2828 /* Assets.xcassets in Resources */,
			);
			runOnlyForDeploymentPostprocessing = 0;
		};
/* End PBXResourcesBuildPhase section */

/* Begin PBXSourcesBuildPhase section */
		B2CFE828235B680B008A2828 /* Sources */ = {
			isa = PBXSourcesBuildPhase;
			buildActionMask = 2147483647;
			files = (
				B2CFE830235B680B008A2828 /* AppDelegate.swift in Sources */,
				B2CFE832235B680B008A2828 /* SceneDelegate.swift in Sources */,
				B2CFE834235B680B008A2828 /* ContentView.swift in Sources */,
			);
			runOnlyForDeploymentPostprocessing = 0;
		};
/* End PBXSourcesBuildPhase section */

/* Begin PBXVariantGroup section */
		B2CFE83A235B6810008A2828 /* LaunchScreen.storyboard */ = {
			isa = PBXVariantGroup;
			children = (
				B2CFE83B235B6810008A2828 /* Base */,
			);
			name = LaunchScreen.storyboard;
			sourceTree = "<group>";
		};
/* End PBXVariantGroup section */

/* Begin XCBuildConfiguration section */
		B2CFE83E235B6810008A2828 /* Debug */ = {
			isa = XCBuildConfiguration;
			buildSettings = {
				ALWAYS_SEARCH_USER_PATHS = NO;
				CLANG_ANALYZER_NONNULL = YES;
				CLANG_ANALYZER_NUMBER_OBJECT_CONVERSION = YES_AGGRESSIVE;
				CLANG_CXX_LANGUAGE_STANDARD = "gnu++14";
				CLANG_CXX_LIBRARY = "libc++";
				CLANG_ENABLE_MODULES = YES;
				CLANG_ENABLE_OBJC_ARC = YES;
				CLANG_ENABLE_OBJC_WEAK = YES;
				CLANG_WARN_BLOCK_CAPTURE_AUTORELEASING = YES;
				CLANG_WARN_BOOL_CONVERSION = YES;
				CLANG_WARN_COMMA = YES;
				CLANG_WARN_CONSTANT_CONVERSION = YES;
				CLANG_WARN_DEPRECATED_OBJC_IMPLEMENTATIONS = YES;
				CLANG_WARN_DIRECT_OBJC_ISA_USAGE = YES_ERROR;
				CLANG_WARN_DOCUMENTATION_COMMENTS = YES;
				CLANG_WARN_EMPTY_BODY = YES;
				CLANG_WARN_ENUM_CONVERSION = YES;
				CLANG_WARN_INFINITE_RECURSION = YES;
				CLANG_WARN_INT_CONVERSION = YES;
				CLANG_WARN_NON_LITERAL_NULL_CONVERSION = YES;
				CLANG_WARN_OBJC_IMPLICIT_RETAIN_SELF = YES;
				CLANG_WARN_OBJC_LITERAL_CONVERSION = YES;
				CLANG_WARN_OBJC_ROOT_CLASS = YES_ERROR;
				CLANG_WARN_RANGE_LOOP_ANALYSIS = YES;
				CLANG_WARN_STRICT_PROTOTYPES = YES;
				CLANG_WARN_SUSPICIOUS_MOVE = YES;
				CLANG_WARN_UNGUARDED_AVAILABILITY = YES_AGGRESSIVE;
				CLANG_WARN_UNREACHABLE_CODE = YES;
				CLANG_WARN__DUPLICATE_METHOD_MATCH = YES;
				COPY_PHASE_STRIP = NO;
				DEBUG_INFORMATION_FORMAT = dwarf;
				ENABLE_STRICT_OBJC_MSGSEND = YES;
				ENABLE_TESTABILITY = YES;
				GCC_C_LANGUAGE_STANDARD = gnu11;
				GCC_DYNAMIC_NO_PIC = NO;
				GCC_NO_COMMON_BLOCKS = YES;
				GCC_OPTIMIZATION_LEVEL = 0;
				GCC_PREPROCESSOR_DEFINITIONS = (
					"DEBUG=1",
					"$(inherited)",
				);
				GCC_WARN_64_TO_32_BIT_CONVERSION = YES;
				GCC_WARN_ABOUT_RETURN_TYPE = YES_ERROR;
				GCC_WARN_UNDECLARED_SELECTOR = YES;
				GCC_WARN_UNINITIALIZED_AUTOS = YES_AGGRESSIVE;
				GCC_WARN_UNUSED_FUNCTION = YES;
				GCC_WARN_UNUSED_VARIABLE = YES;
				IPHONEOS_DEPLOYMENT_TARGET = 13.1;
				MTL_ENABLE_DEBUG_INFO = INCLUDE_SOURCE;
				MTL_FAST_MATH = YES;
				ONLY_ACTIVE_ARCH = YES;
				SDKROOT = iphoneos;
				SWIFT_ACTIVE_COMPILATION_CONDITIONS = DEBUG;
				SWIFT_OPTIMIZATION_LEVEL = "-Onone";
			};
			name = Debug;
		};
		B2CFE83F235B6810008A2828 /* Release */ = {
			isa = XCBuildConfiguration;
			buildSettings = {
				ALWAYS_SEARCH_USER_PATHS = NO;
				CLANG_ANALYZER_NONNULL = YES;
				CLANG_ANALYZER_NUMBER_OBJECT_CONVERSION = YES_AGGRESSIVE;
				CLANG_CXX_LANGUAGE_STANDARD = "gnu++14";
				CLANG_CXX_LIBRARY = "libc++";
				CLANG_ENABLE_MODULES = YES;
				CLANG_ENABLE_OBJC_ARC = YES;
				CLANG_ENABLE_OBJC_WEAK = YES;
				CLANG_WARN_BLOCK_CAPTURE_AUTORELEASING = YES;
				CLANG_WARN_BOOL_CONVERSION = YES;
				CLANG_WARN_COMMA = YES;
				CLANG_WARN_CONSTANT_CONVERSION = YES;
				CLANG_WARN_DEPRECATED_OBJC_IMPLEMENTATIONS = YES;
				CLANG_WARN_DIRECT_OBJC_ISA_USAGE = YES_ERROR;
				CLANG_WARN_DOCUMENTATION_COMMENTS = YES;
				CLANG_WARN_EMPTY_BODY = YES;
				CLANG_WARN_ENUM_CONVERSION = YES;
				CLANG_WARN_INFINITE_RECURSION = YES;
				CLANG_WARN_INT_CONVERSION = YES;
				CLANG_WARN_NON_LITERAL_NULL_CONVERSION = YES;
				CLANG_WARN_OBJC_IMPLICIT_RETAIN_SELF = YES;
				CLANG_WARN_OBJC_LITERAL_CONVERSION = YES;
				CLANG_WARN_OBJC_ROOT_CLASS = YES_ERROR;
				CLANG_WARN_RANGE_LOOP_ANALYSIS = YES;
				CLANG_WARN_STRICT_PROTOTYPES = YES;
				CLANG_WARN_SUSPICIOUS_MOVE = YES;
				CLANG_WARN_UNGUARDED_AVAILABILITY = YES_AGGRESSIVE;
				CLANG_WARN_UNREACHABLE_CODE = YES;
				CLANG_WARN__DUPLICATE_METHOD_MATCH = YES;
				COPY_PHASE_STRIP = NO;
				DEBUG_INFORMATION_FORMAT = "dwarf-with-dsym";
				ENABLE_NS_ASSERTIONS = NO;
				ENABLE_STRICT_OBJC_MSGSEND = YES;
				GCC_C_LANGUAGE_STANDARD = gnu11;
				GCC_NO_COMMON_BLOCKS = YES;
				GCC_WARN_64_TO_32_BIT_CONVERSION = YES;
				GCC_WARN_ABOUT_RETURN_TYPE = YES_ERROR;
				GCC_WARN_UNDECLARED_SELECTOR = YES;
				GCC_WARN_UNINITIALIZED_AUTOS = YES_AGGRESSIVE;
				GCC_WARN_UNUSED_FUNCTION = YES;
				GCC_WARN_UNUSED_VARIABLE = YES;
				IPHONEOS_DEPLOYMENT_TARGET = 13.1;
				MTL_ENABLE_DEBUG_INFO = NO;
				MTL_FAST_MATH = YES;
				SDKROOT = iphoneos;
				SWIFT_COMPILATION_MODE = wholemodule;
				SWIFT_OPTIMIZATION_LEVEL = "-O";
				VALIDATE_PRODUCT = YES;
			};
			name = Release;
		};
		B2CFE841235B6810008A2828 /* Debug */ = {
			isa = XCBuildConfiguration;
			buildSettings = {
				ASSETCATALOG_COMPILER_APPICON_NAME = AppIcon;
				CODE_SIGN_STYLE = Automatic;
				DEVELOPMENT_ASSET_PATHS = "\"Unit Conversions/Preview Content\"";
				ENABLE_PREVIEWS = YES;
				INFOPLIST_FILE = "Unit Conversions/Info.plist";
				LD_RUNPATH_SEARCH_PATHS = (
					"$(inherited)",
					"@executable_path/Frameworks",
				);
				PRODUCT_BUNDLE_IDENTIFIER = "com.example.Unit-Conversions";
				PRODUCT_NAME = "$(TARGET_NAME)";
				SWIFT_VERSION = 5.0;
				TARGETED_DEVICE_FAMILY = "1,2";
			};
			name = Debug;
		};
		B2CFE842235B6810008A2828 /* Release */ = {
			isa = XCBuildConfiguration;
			buildSettings = {
				ASSETCATALOG_COMPILER_APPICON_NAME = AppIcon;
				CODE_SIGN_STYLE = Automatic;
				DEVELOPMENT_ASSET_PATHS = "\"Unit Conversions/Preview Content\"";
				ENABLE_PREVIEWS = YES;
				INFOPLIST_FILE = "Unit Conversions/Info.plist";
				LD_RUNPATH_SEARCH_PATHS = (
					"$(inherited)",
					"@executable_path/Frameworks",
				);
				PRODUCT_BUNDLE_IDENTIFIER = "com.example.Unit-Conversions";
				PRODUCT_NAME = "$(TARGET_NAME)";
				SWIFT_VERSION = 5.0;
				TARGETED_DEVICE_FAMILY = "1,2";
			};
			name = Release;
		};
/* End XCBuildConfiguration section */

/* Begin XCConfigurationList section */
		B2CFE827235B680B008A2828 /* Build configuration list for PBXProject "Unit Conversions" */ = {
			isa = XCConfigurationList;
			buildConfigurations = (
				B2CFE83E235B6810008A2828 /* Debug */,
				B2CFE83F235B6810008A2828 /* Release */,
			);
			defaultConfigurationIsVisible = 0;
			defaultConfigurationName = Release;
		};
		B2CFE840235B6810008A2828 /* Build configuration list for PBXNativeTarget "Unit Conversions" */ = {
			isa = XCConfigurationList;
			buildConfigurations = (
				B2CFE841235B6810008A2828 /* Debug */,
				B2CFE842235B6810008A2828 /* Release */,
			);
			defaultConfigurationIsVisible = 0;
			defaultConfigurationName = Release;
		};
/* End XCConfigurationList section */
	};
	rootObject = B2CFE824235B680B008A2828 /* Project object */;
}
