// !$*UTF8*$!
{
	archiveVersion = 1;
	classes = {
	};
	objectVersion = 50;
	objects = {

/* Begin PBXBuildFile section */
		B2796ADA23BBD9B100EE8A89 /* AppDelegate.swift in Sources */ = {isa = PBXBuildFile; fileRef = B2796AD923BBD9B100EE8A89 /* AppDelegate.swift */; };
		B2796ADC23BBD9B100EE8A89 /* SceneDelegate.swift in Sources */ = {isa = PBXBuildFile; fileRef = B2796ADB23BBD9B100EE8A89 /* SceneDelegate.swift */; };
		B2796ADE23BBD9B100EE8A89 /* ContentView.swift in Sources */ = {isa = PBXBuildFile; fileRef = B2796ADD23BBD9B100EE8A89 /* ContentView.swift */; };
		B2796AE023BBD9B200EE8A89 /* Assets.xcassets in Resources */ = {isa = PBXBuildFile; fileRef = B2796ADF23BBD9B200EE8A89 /* Assets.xcassets */; };
		B2796AE323BBD9B200EE8A89 /* Preview Assets.xcassets in Resources */ = {isa = PBXBuildFile; fileRef = B2796AE223BBD9B200EE8A89 /* Preview Assets.xcassets */; };
		B2796AE623BBD9B200EE8A89 /* LaunchScreen.storyboard in Resources */ = {isa = PBXBuildFile; fileRef = B2796AE423BBD9B200EE8A89 /* LaunchScreen.storyboard */; };
		B2FDA65623BDBA87007B35A4 /* Order.swift in Sources */ = {isa = PBXBuildFile; fileRef = B2FDA65523BDBA87007B35A4 /* Order.swift */; };
		B2FDA65823BDBDBB007B35A4 /* AddressView.swift in Sources */ = {isa = PBXBuildFile; fileRef = B2FDA65723BDBDBB007B35A4 /* AddressView.swift */; };
		B2FDA65A23BDBFAA007B35A4 /* CheckoutView.swift in Sources */ = {isa = PBXBuildFile; fileRef = B2FDA65923BDBFAA007B35A4 /* CheckoutView.swift */; };
/* End PBXBuildFile section */

/* Begin PBXFileReference section */
		B2796AD623BBD9B100EE8A89 /* CupcakeCorner.app */ = {isa = PBXFileReference; explicitFileType = wrapper.application; includeInIndex = 0; path = CupcakeCorner.app; sourceTree = BUILT_PRODUCTS_DIR; };
		B2796AD923BBD9B100EE8A89 /* AppDelegate.swift */ = {isa = PBXFileReference; lastKnownFileType = sourcecode.swift; path = AppDelegate.swift; sourceTree = "<group>"; };
		B2796ADB23BBD9B100EE8A89 /* SceneDelegate.swift */ = {isa = PBXFileReference; lastKnownFileType = sourcecode.swift; path = SceneDelegate.swift; sourceTree = "<group>"; };
		B2796ADD23BBD9B100EE8A89 /* ContentView.swift */ = {isa = PBXFileReference; lastKnownFileType = sourcecode.swift; path = ContentView.swift; sourceTree = "<group>"; };
		B2796ADF23BBD9B200EE8A89 /* Assets.xcassets */ = {isa = PBXFileReference; lastKnownFileType = folder.assetcatalog; path = Assets.xcassets; sourceTree = "<group>"; };
		B2796AE223BBD9B200EE8A89 /* Preview Assets.xcassets */ = {isa = PBXFileReference; lastKnownFileType = folder.assetcatalog; path = "Preview Assets.xcassets"; sourceTree = "<group>"; };
		B2796AE523BBD9B200EE8A89 /* Base */ = {isa = PBXFileReference; lastKnownFileType = file.storyboard; name = Base; path = Base.lproj/LaunchScreen.storyboard; sourceTree = "<group>"; };
		B2796AE723BBD9B200EE8A89 /* Info.plist */ = {isa = PBXFileReference; lastKnownFileType = text.plist.xml; path = Info.plist; sourceTree = "<group>"; };
		B2FDA65523BDBA87007B35A4 /* Order.swift */ = {isa = PBXFileReference; lastKnownFileType = sourcecode.swift; path = Order.swift; sourceTree = "<group>"; };
		B2FDA65723BDBDBB007B35A4 /* AddressView.swift */ = {isa = PBXFileReference; lastKnownFileType = sourcecode.swift; path = AddressView.swift; sourceTree = "<group>"; };
		B2FDA65923BDBFAA007B35A4 /* CheckoutView.swift */ = {isa = PBXFileReference; lastKnownFileType = sourcecode.swift; path = CheckoutView.swift; sourceTree = "<group>"; };
/* End PBXFileReference section */

/* Begin PBXFrameworksBuildPhase section */
		B2796AD323BBD9B100EE8A89 /* Frameworks */ = {
			isa = PBXFrameworksBuildPhase;
			buildActionMask = 2147483647;
			files = (
			);
			runOnlyForDeploymentPostprocessing = 0;
		};
/* End PBXFrameworksBuildPhase section */

/* Begin PBXGroup section */
		B2796ACD23BBD9B100EE8A89 = {
			isa = PBXGroup;
			children = (
				B2796AD823BBD9B100EE8A89 /* CupcakeCorner */,
				B2796AD723BBD9B100EE8A89 /* Products */,
			);
			sourceTree = "<group>";
		};
		B2796AD723BBD9B100EE8A89 /* Products */ = {
			isa = PBXGroup;
			children = (
				B2796AD623BBD9B100EE8A89 /* CupcakeCorner.app */,
			);
			name = Products;
			sourceTree = "<group>";
		};
		B2796AD823BBD9B100EE8A89 /* CupcakeCorner */ = {
			isa = PBXGroup;
			children = (
				B2796AD923BBD9B100EE8A89 /* AppDelegate.swift */,
				B2796ADB23BBD9B100EE8A89 /* SceneDelegate.swift */,
				B2796ADD23BBD9B100EE8A89 /* ContentView.swift */,
				B2FDA65723BDBDBB007B35A4 /* AddressView.swift */,
				B2FDA65923BDBFAA007B35A4 /* CheckoutView.swift */,
				B2FDA65523BDBA87007B35A4 /* Order.swift */,
				B2796ADF23BBD9B200EE8A89 /* Assets.xcassets */,
				B2796AE423BBD9B200EE8A89 /* LaunchScreen.storyboard */,
				B2796AE723BBD9B200EE8A89 /* Info.plist */,
				B2796AE123BBD9B200EE8A89 /* Preview Content */,
			);
			path = CupcakeCorner;
			sourceTree = "<group>";
		};
		B2796AE123BBD9B200EE8A89 /* Preview Content */ = {
			isa = PBXGroup;
			children = (
				B2796AE223BBD9B200EE8A89 /* Preview Assets.xcassets */,
			);
			path = "Preview Content";
			sourceTree = "<group>";
		};
/* End PBXGroup section */

/* Begin PBXNativeTarget section */
		B2796AD523BBD9B100EE8A89 /* CupcakeCorner */ = {
			isa = PBXNativeTarget;
			buildConfigurationList = B2796AEA23BBD9B200EE8A89 /* Build configuration list for PBXNativeTarget "CupcakeCorner" */;
			buildPhases = (
				B2796AD223BBD9B100EE8A89 /* Sources */,
				B2796AD323BBD9B100EE8A89 /* Frameworks */,
				B2796AD423BBD9B100EE8A89 /* Resources */,
			);
			buildRules = (
			);
			dependencies = (
			);
			name = CupcakeCorner;
			productName = CupcakeCorner;
			productReference = B2796AD623BBD9B100EE8A89 /* CupcakeCorner.app */;
			productType = "com.apple.product-type.application";
		};
/* End PBXNativeTarget section */

/* Begin PBXProject section */
		B2796ACE23BBD9B100EE8A89 /* Project object */ = {
			isa = PBXProject;
			attributes = {
				LastSwiftUpdateCheck = 1130;
				LastUpgradeCheck = 1130;
				ORGANIZATIONNAME = "Néstor I. Martínez Ostoa";
				TargetAttributes = {
					B2796AD523BBD9B100EE8A89 = {
						CreatedOnToolsVersion = 11.3;
					};
				};
			};
			buildConfigurationList = B2796AD123BBD9B100EE8A89 /* Build configuration list for PBXProject "CupcakeCorner" */;
			compatibilityVersion = "Xcode 9.3";
			developmentRegion = en;
			hasScannedForEncodings = 0;
			knownRegions = (
				en,
				Base,
			);
			mainGroup = B2796ACD23BBD9B100EE8A89;
			productRefGroup = B2796AD723BBD9B100EE8A89 /* Products */;
			projectDirPath = "";
			projectRoot = "";
			targets = (
				B2796AD523BBD9B100EE8A89 /* CupcakeCorner */,
			);
		};
/* End PBXProject section */

/* Begin PBXResourcesBuildPhase section */
		B2796AD423BBD9B100EE8A89 /* Resources */ = {
			isa = PBXResourcesBuildPhase;
			buildActionMask = 2147483647;
			files = (
				B2796AE623BBD9B200EE8A89 /* LaunchScreen.storyboard in Resources */,
				B2796AE323BBD9B200EE8A89 /* Preview Assets.xcassets in Resources */,
				B2796AE023BBD9B200EE8A89 /* Assets.xcassets in Resources */,
			);
			runOnlyForDeploymentPostprocessing = 0;
		};
/* End PBXResourcesBuildPhase section */

/* Begin PBXSourcesBuildPhase section */
		B2796AD223BBD9B100EE8A89 /* Sources */ = {
			isa = PBXSourcesBuildPhase;
			buildActionMask = 2147483647;
			files = (
				B2796ADA23BBD9B100EE8A89 /* AppDelegate.swift in Sources */,
				B2796ADC23BBD9B100EE8A89 /* SceneDelegate.swift in Sources */,
				B2FDA65A23BDBFAA007B35A4 /* CheckoutView.swift in Sources */,
				B2FDA65623BDBA87007B35A4 /* Order.swift in Sources */,
				B2796ADE23BBD9B100EE8A89 /* ContentView.swift in Sources */,
				B2FDA65823BDBDBB007B35A4 /* AddressView.swift in Sources */,
			);
			runOnlyForDeploymentPostprocessing = 0;
		};
/* End PBXSourcesBuildPhase section */

/* Begin PBXVariantGroup section */
		B2796AE423BBD9B200EE8A89 /* LaunchScreen.storyboard */ = {
			isa = PBXVariantGroup;
			children = (
				B2796AE523BBD9B200EE8A89 /* Base */,
			);
			name = LaunchScreen.storyboard;
			sourceTree = "<group>";
		};
/* End PBXVariantGroup section */

/* Begin XCBuildConfiguration section */
		B2796AE823BBD9B200EE8A89 /* Debug */ = {
			isa = XCBuildConfiguration;
			buildSettings = {
				ALWAYS_SEARCH_USER_PATHS = NO;
				CLANG_ANALYZER_NONNULL = YES;
				CLANG_ANALYZER_NUMBER_OBJECT_CONVERSION = YES_AGGRESSIVE;
				CLANG_CXX_LANGUAGE_STANDARD = "gnu++14";
				CLANG_CXX_LIBRARY = "libc++";
				CLANG_ENABLE_MODULES = YES;
				CLANG_ENABLE_OBJC_ARC = YES;
				CLANG_ENABLE_OBJC_WEAK = YES;
				CLANG_WARN_BLOCK_CAPTURE_AUTORELEASING = YES;
				CLANG_WARN_BOOL_CONVERSION = YES;
				CLANG_WARN_COMMA = YES;
				CLANG_WARN_CONSTANT_CONVERSION = YES;
				CLANG_WARN_DEPRECATED_OBJC_IMPLEMENTATIONS = YES;
				CLANG_WARN_DIRECT_OBJC_ISA_USAGE = YES_ERROR;
				CLANG_WARN_DOCUMENTATION_COMMENTS = YES;
				CLANG_WARN_EMPTY_BODY = YES;
				CLANG_WARN_ENUM_CONVERSION = YES;
				CLANG_WARN_INFINITE_RECURSION = YES;
				CLANG_WARN_INT_CONVERSION = YES;
				CLANG_WARN_NON_LITERAL_NULL_CONVERSION = YES;
				CLANG_WARN_OBJC_IMPLICIT_RETAIN_SELF = YES;
				CLANG_WARN_OBJC_LITERAL_CONVERSION = YES;
				CLANG_WARN_OBJC_ROOT_CLASS = YES_ERROR;
				CLANG_WARN_RANGE_LOOP_ANALYSIS = YES;
				CLANG_WARN_STRICT_PROTOTYPES = YES;
				CLANG_WARN_SUSPICIOUS_MOVE = YES;
				CLANG_WARN_UNGUARDED_AVAILABILITY = YES_AGGRESSIVE;
				CLANG_WARN_UNREACHABLE_CODE = YES;
				CLANG_WARN__DUPLICATE_METHOD_MATCH = YES;
				COPY_PHASE_STRIP = NO;
				DEBUG_INFORMATION_FORMAT = dwarf;
				ENABLE_STRICT_OBJC_MSGSEND = YES;
				ENABLE_TESTABILITY = YES;
				GCC_C_LANGUAGE_STANDARD = gnu11;
				GCC_DYNAMIC_NO_PIC = NO;
				GCC_NO_COMMON_BLOCKS = YES;
				GCC_OPTIMIZATION_LEVEL = 0;
				GCC_PREPROCESSOR_DEFINITIONS = (
					"DEBUG=1",
					"$(inherited)",
				);
				GCC_WARN_64_TO_32_BIT_CONVERSION = YES;
				GCC_WARN_ABOUT_RETURN_TYPE = YES_ERROR;
				GCC_WARN_UNDECLARED_SELECTOR = YES;
				GCC_WARN_UNINITIALIZED_AUTOS = YES_AGGRESSIVE;
				GCC_WARN_UNUSED_FUNCTION = YES;
				GCC_WARN_UNUSED_VARIABLE = YES;
				IPHONEOS_DEPLOYMENT_TARGET = 13.2;
				MTL_ENABLE_DEBUG_INFO = INCLUDE_SOURCE;
				MTL_FAST_MATH = YES;
				ONLY_ACTIVE_ARCH = YES;
				SDKROOT = iphoneos;
				SWIFT_ACTIVE_COMPILATION_CONDITIONS = DEBUG;
				SWIFT_OPTIMIZATION_LEVEL = "-Onone";
			};
			name = Debug;
		};
		B2796AE923BBD9B200EE8A89 /* Release */ = {
			isa = XCBuildConfiguration;
			buildSettings = {
				ALWAYS_SEARCH_USER_PATHS = NO;
				CLANG_ANALYZER_NONNULL = YES;
				CLANG_ANALYZER_NUMBER_OBJECT_CONVERSION = YES_AGGRESSIVE;
				CLANG_CXX_LANGUAGE_STANDARD = "gnu++14";
				CLANG_CXX_LIBRARY = "libc++";
				CLANG_ENABLE_MODULES = YES;
				CLANG_ENABLE_OBJC_ARC = YES;
				CLANG_ENABLE_OBJC_WEAK = YES;
				CLANG_WARN_BLOCK_CAPTURE_AUTORELEASING = YES;
				CLANG_WARN_BOOL_CONVERSION = YES;
				CLANG_WARN_COMMA = YES;
				CLANG_WARN_CONSTANT_CONVERSION = YES;
				CLANG_WARN_DEPRECATED_OBJC_IMPLEMENTATIONS = YES;
				CLANG_WARN_DIRECT_OBJC_ISA_USAGE = YES_ERROR;
				CLANG_WARN_DOCUMENTATION_COMMENTS = YES;
				CLANG_WARN_EMPTY_BODY = YES;
				CLANG_WARN_ENUM_CONVERSION = YES;
				CLANG_WARN_INFINITE_RECURSION = YES;
				CLANG_WARN_INT_CONVERSION = YES;
				CLANG_WARN_NON_LITERAL_NULL_CONVERSION = YES;
				CLANG_WARN_OBJC_IMPLICIT_RETAIN_SELF = YES;
				CLANG_WARN_OBJC_LITERAL_CONVERSION = YES;
				CLANG_WARN_OBJC_ROOT_CLASS = YES_ERROR;
				CLANG_WARN_RANGE_LOOP_ANALYSIS = YES;
				CLANG_WARN_STRICT_PROTOTYPES = YES;
				CLANG_WARN_SUSPICIOUS_MOVE = YES;
				CLANG_WARN_UNGUARDED_AVAILABILITY = YES_AGGRESSIVE;
				CLANG_WARN_UNREACHABLE_CODE = YES;
				CLANG_WARN__DUPLICATE_METHOD_MATCH = YES;
				COPY_PHASE_STRIP = NO;
				DEBUG_INFORMATION_FORMAT = "dwarf-with-dsym";
				ENABLE_NS_ASSERTIONS = NO;
				ENABLE_STRICT_OBJC_MSGSEND = YES;
				GCC_C_LANGUAGE_STANDARD = gnu11;
				GCC_NO_COMMON_BLOCKS = YES;
				GCC_WARN_64_TO_32_BIT_CONVERSION = YES;
				GCC_WARN_ABOUT_RETURN_TYPE = YES_ERROR;
				GCC_WARN_UNDECLARED_SELECTOR = YES;
				GCC_WARN_UNINITIALIZED_AUTOS = YES_AGGRESSIVE;
				GCC_WARN_UNUSED_FUNCTION = YES;
				GCC_WARN_UNUSED_VARIABLE = YES;
				IPHONEOS_DEPLOYMENT_TARGET = 13.2;
				MTL_ENABLE_DEBUG_INFO = NO;
				MTL_FAST_MATH = YES;
				SDKROOT = iphoneos;
				SWIFT_COMPILATION_MODE = wholemodule;
				SWIFT_OPTIMIZATION_LEVEL = "-O";
				VALIDATE_PRODUCT = YES;
			};
			name = Release;
		};
		B2796AEB23BBD9B200EE8A89 /* Debug */ = {
			isa = XCBuildConfiguration;
			buildSettings = {
				ASSETCATALOG_COMPILER_APPICON_NAME = AppIcon;
				CODE_SIGN_STYLE = Automatic;
				DEVELOPMENT_ASSET_PATHS = "\"CupcakeCorner/Preview Content\"";
				ENABLE_PREVIEWS = YES;
				INFOPLIST_FILE = CupcakeCorner/Info.plist;
				LD_RUNPATH_SEARCH_PATHS = (
					"$(inherited)",
					"@executable_path/Frameworks",
				);
				PRODUCT_BUNDLE_IDENTIFIER = com.example.CupcakeCorner;
				PRODUCT_NAME = "$(TARGET_NAME)";
				SWIFT_VERSION = 5.0;
				TARGETED_DEVICE_FAMILY = "1,2";
			};
			name = Debug;
		};
		B2796AEC23BBD9B200EE8A89 /* Release */ = {
			isa = XCBuildConfiguration;
			buildSettings = {
				ASSETCATALOG_COMPILER_APPICON_NAME = AppIcon;
				CODE_SIGN_STYLE = Automatic;
				DEVELOPMENT_ASSET_PATHS = "\"CupcakeCorner/Preview Content\"";
				ENABLE_PREVIEWS = YES;
				INFOPLIST_FILE = CupcakeCorner/Info.plist;
				LD_RUNPATH_SEARCH_PATHS = (
					"$(inherited)",
					"@executable_path/Frameworks",
				);
				PRODUCT_BUNDLE_IDENTIFIER = com.example.CupcakeCorner;
				PRODUCT_NAME = "$(TARGET_NAME)";
				SWIFT_VERSION = 5.0;
				TARGETED_DEVICE_FAMILY = "1,2";
			};
			name = Release;
		};
/* End XCBuildConfiguration section */

/* Begin XCConfigurationList section */
		B2796AD123BBD9B100EE8A89 /* Build configuration list for PBXProject "CupcakeCorner" */ = {
			isa = XCConfigurationList;
			buildConfigurations = (
				B2796AE823BBD9B200EE8A89 /* Debug */,
				B2796AE923BBD9B200EE8A89 /* Release */,
			);
			defaultConfigurationIsVisible = 0;
			defaultConfigurationName = Release;
		};
		B2796AEA23BBD9B200EE8A89 /* Build configuration list for PBXNativeTarget "CupcakeCorner" */ = {
			isa = XCConfigurationList;
			buildConfigurations = (
				B2796AEB23BBD9B200EE8A89 /* Debug */,
				B2796AEC23BBD9B200EE8A89 /* Release */,
			);
			defaultConfigurationIsVisible = 0;
			defaultConfigurationName = Release;
		};
/* End XCConfigurationList section */
	};
	rootObject = B2796ACE23BBD9B100EE8A89 /* Project object */;
}
